PODS:
  - OMGHTTPURLRQ (3.2.4):
    - OMGHTTPURLRQ/RQ (= 3.2.4)
  - OMGHTTPURLRQ/FormURLEncode (3.2.4)
  - OMGHTTPURLRQ/RQ (3.2.4):
    - OMGHTTPURLRQ/FormURLEncode
    - OMGHTTPURLRQ/UserAgent
  - OMGHTTPURLRQ/UserAgent (3.2.4)
  - QBImagePickerController (3.4.0)
  - Socket.IO-Client-Swift (15.1.0):
    - Starscream (~> 3.1)
  - Starscream (3.1.0)
  - Toast (3.1.0)

DEPENDENCIES:
  - OMGHTTPURLRQ (~> 3.2.4)
  - QBImagePickerController (~> 3.4.0)
  - Socket.IO-Client-Swift (from `https://github.com/triniwiz/socket.io-client-swift.git`)
  - Toast (~> 3.0)

SPEC REPOS:
  https://github.com/cocoapods/specs.git:
    - OMGHTTPURLRQ
    - QBImagePickerController
    - Starscream
    - Toast

EXTERNAL SOURCES:
  Socket.IO-Client-Swift:
    :git: https://github.com/triniwiz/socket.io-client-swift.git

CHECKOUT OPTIONS:
  Socket.IO-Client-Swift:
    :commit: ca995a623265c5f5609dc97e93b9532613b3639d
    :git: https://github.com/triniwiz/socket.io-client-swift.git

SPEC CHECKSUMS:
  OMGHTTPURLRQ: 9ac96bdf5c90a33f75836630729ea1adc312a9ed
  QBImagePickerController: d54cf93db6decf26baf6ed3472f336ef35cae022
  Socket.IO-Client-Swift: 554ab1004ba68249d1dd14b10eddb11ea4cb4133
  Starscream: 08172b481e145289c4930cb567230fb55897cfa4
  Toast: 14a93686d6c8bfe2727afd342414e35660a8a1f3

PODFILE CHECKSUM: a30eaadd54edc7e755eac39feae986b932f3f586

COCOAPODS: 1.7.1
